{
  "pins" : [
    {
      "identity" : "testkit",
      "kind" : "remoteSourceControl",
      "location" : "https://github.com/andyfinnell/TestKit.git",
      "state" : {
        "branch" : "main",
        "revision" : "f4eb41963fab711f2d5fae07c04ccdbc2c87189c"
      }
    }
  ],
  "version" : 2
}
