{
  "originHash" : "b6c8deb29e2b622382386ddddfb7be2b5ddb121c2e1615c9fcdda31a0e7b8ff7",
  "pins" : [
    {
      "identity" : "testkit",
      "kind" : "remoteSourceControl",
      "location" : "https://github.com/andyfinnell/TestKit.git",
      "state" : {
        "branch" : "main",
        "revision" : "6132ee7e302c362d9cda884c7c1fb1e84c0d12aa"
      }
    }
  ],
  "version" : 3
}
